// !$*UTF8*$!
{
	archiveVersion = 1;
	classes = {
	};
	objectVersion = 46;
	objects = {

/* Begin PBXBuildFile section */
		57D1A76A15EC8EAA7A5299FF /* libPods-YelmGMap.a in Frameworks */ = {isa = PBXBuildFile; fileRef = A14FA9378E1C615199EA365D /* libPods-YelmGMap.a */; };
		642BB43F1EE9899C00A9F842 /* Business.swift in Sources */ = {isa = PBXBuildFile; fileRef = 642BB43E1EE9899C00A9F842 /* Business.swift */; };
		64418A9F1EE9281B00128C48 /* AppDelegate.swift in Sources */ = {isa = PBXBuildFile; fileRef = 64418A9E1EE9281B00128C48 /* AppDelegate.swift */; };
		64418AA11EE9281B00128C48 /* GoogleMapViewController.swift in Sources */ = {isa = PBXBuildFile; fileRef = 64418AA01EE9281B00128C48 /* GoogleMapViewController.swift */; };
		64418AA61EE9281B00128C48 /* Assets.xcassets in Resources */ = {isa = PBXBuildFile; fileRef = 64418AA51EE9281B00128C48 /* Assets.xcassets */; };
		64418AA91EE9281B00128C48 /* LaunchScreen.storyboard in Resources */ = {isa = PBXBuildFile; fileRef = 64418AA71EE9281B00128C48 /* LaunchScreen.storyboard */; };
		64418AB11EE9283F00128C48 /* YelpRequestRouter.swift in Sources */ = {isa = PBXBuildFile; fileRef = 64418AB01EE9283F00128C48 /* YelpRequestRouter.swift */; };
		64418ABA1EE93D6B00128C48 /* Helpers.swift in Sources */ = {isa = PBXBuildFile; fileRef = 64418AB91EE93D6B00128C48 /* Helpers.swift */; };
		64418ABC1EE9513000128C48 /* Token.swift in Sources */ = {isa = PBXBuildFile; fileRef = 64418ABB1EE9513000128C48 /* Token.swift */; };
		64418ABE1EE953D900128C48 /* UserStateMachine.swift in Sources */ = {isa = PBXBuildFile; fileRef = 64418ABD1EE953D900128C48 /* UserStateMachine.swift */; };
		64EDD0651EEA7FC20006DA15 /* Alamofire.framework in Frameworks */ = {isa = PBXBuildFile; fileRef = 64EDD0641EEA7FC20006DA15 /* Alamofire.framework */; };
		64EDD0661EEA7FC20006DA15 /* Alamofire.framework in Embed Frameworks */ = {isa = PBXBuildFile; fileRef = 64EDD0641EEA7FC20006DA15 /* Alamofire.framework */; settings = {ATTRIBUTES = (CodeSignOnCopy, RemoveHeadersOnCopy, ); }; };
		64EDD0691EEA7FCC0006DA15 /* SwiftyJSON.framework in Frameworks */ = {isa = PBXBuildFile; fileRef = 64EDD0681EEA7FCC0006DA15 /* SwiftyJSON.framework */; };
		64EDD06A1EEA7FCC0006DA15 /* SwiftyJSON.framework in Embed Frameworks */ = {isa = PBXBuildFile; fileRef = 64EDD0681EEA7FCC0006DA15 /* SwiftyJSON.framework */; settings = {ATTRIBUTES = (CodeSignOnCopy, RemoveHeadersOnCopy, ); }; };
		64EDD06D1EEA87790006DA15 /* GoogleMapViewModel.swift in Sources */ = {isa = PBXBuildFile; fileRef = 64EDD06C1EEA87790006DA15 /* GoogleMapViewModel.swift */; };
		64EDD06F1EEA9A940006DA15 /* GoogleMapviewController + GoogleMapsDelegate.swift in Sources */ = {isa = PBXBuildFile; fileRef = 64EDD06E1EEA9A940006DA15 /* GoogleMapviewController + GoogleMapsDelegate.swift */; };
		64EDD0711EEABEC20006DA15 /* ChachedImageView.swift in Sources */ = {isa = PBXBuildFile; fileRef = 64EDD0701EEABEC20006DA15 /* ChachedImageView.swift */; };
		64EDD0731EEAC53B0006DA15 /* MarkerView.swift in Sources */ = {isa = PBXBuildFile; fileRef = 64EDD0721EEAC53B0006DA15 /* MarkerView.swift */; };
		64EDD0751EEAC5760006DA15 /* VIew + Anchor.swift in Sources */ = {isa = PBXBuildFile; fileRef = 64EDD0741EEAC5760006DA15 /* VIew + Anchor.swift */; };
		64EDD0771EEAD4A60006DA15 /* BusinessDetailViewController.swift in Sources */ = {isa = PBXBuildFile; fileRef = 64EDD0761EEAD4A60006DA15 /* BusinessDetailViewController.swift */; };
		64EDD0791EEAD4BD0006DA15 /* BusinessDetailViewController.storyboard in Resources */ = {isa = PBXBuildFile; fileRef = 64EDD0781EEAD4BD0006DA15 /* BusinessDetailViewController.storyboard */; };
		64EDD07B1EEAD4F00006DA15 /* BusinessCollectionViewCell.swift in Sources */ = {isa = PBXBuildFile; fileRef = 64EDD07A1EEAD4F00006DA15 /* BusinessCollectionViewCell.swift */; };
		64EDD07D1EEAD9280006DA15 /* DetailViewModel.swift in Sources */ = {isa = PBXBuildFile; fileRef = 64EDD07C1EEAD9280006DA15 /* DetailViewModel.swift */; };
		64EDD07F1EEAD9520006DA15 /* DetailViewDataSource.swift in Sources */ = {isa = PBXBuildFile; fileRef = 64EDD07E1EEAD9520006DA15 /* DetailViewDataSource.swift */; };
		64EDD0831EEFF7360006DA15 /* UIViewController + StoryboardInstance.swift in Sources */ = {isa = PBXBuildFile; fileRef = 64EDD0821EEFF7360006DA15 /* UIViewController + StoryboardInstance.swift */; };
		64EDD0851EF0007D0006DA15 /* Review.swift in Sources */ = {isa = PBXBuildFile; fileRef = 64EDD0841EF0007D0006DA15 /* Review.swift */; };
		64EDD0871EF0061D0006DA15 /* ReviewCollectionViewCell.swift in Sources */ = {isa = PBXBuildFile; fileRef = 64EDD0861EF0061D0006DA15 /* ReviewCollectionViewCell.swift */; };
		64EDD0891EF0152D0006DA15 /* DetailInfoHeader.swift in Sources */ = {isa = PBXBuildFile; fileRef = 64EDD0881EF0152D0006DA15 /* DetailInfoHeader.swift */; };
/* End PBXBuildFile section */

/* Begin PBXCopyFilesBuildPhase section */
		64EDD0671EEA7FC20006DA15 /* Embed Frameworks */ = {
			isa = PBXCopyFilesBuildPhase;
			buildActionMask = 2147483647;
			dstPath = "";
			dstSubfolderSpec = 10;
			files = (
				64EDD06A1EEA7FCC0006DA15 /* SwiftyJSON.framework in Embed Frameworks */,
				64EDD0661EEA7FC20006DA15 /* Alamofire.framework in Embed Frameworks */,
			);
			name = "Embed Frameworks";
			runOnlyForDeploymentPostprocessing = 0;
		};
/* End PBXCopyFilesBuildPhase section */

/* Begin PBXFileReference section */
		02F34951ABAA2590182AC836 /* Pods-YelmGMap.debug.xcconfig */ = {isa = PBXFileReference; includeInIndex = 1; lastKnownFileType = text.xcconfig; name = "Pods-YelmGMap.debug.xcconfig"; path = "Pods/Target Support Files/Pods-YelmGMap/Pods-YelmGMap.debug.xcconfig"; sourceTree = "<group>"; };
		642BB43E1EE9899C00A9F842 /* Business.swift */ = {isa = PBXFileReference; fileEncoding = 4; lastKnownFileType = sourcecode.swift; path = Business.swift; sourceTree = "<group>"; };
		64418A9B1EE9281B00128C48 /* YelmGMap.app */ = {isa = PBXFileReference; explicitFileType = wrapper.application; includeInIndex = 0; path = YelmGMap.app; sourceTree = BUILT_PRODUCTS_DIR; };
		64418A9E1EE9281B00128C48 /* AppDelegate.swift */ = {isa = PBXFileReference; lastKnownFileType = sourcecode.swift; path = AppDelegate.swift; sourceTree = "<group>"; };
		64418AA01EE9281B00128C48 /* GoogleMapViewController.swift */ = {isa = PBXFileReference; lastKnownFileType = sourcecode.swift; path = GoogleMapViewController.swift; sourceTree = "<group>"; };
		64418AA51EE9281B00128C48 /* Assets.xcassets */ = {isa = PBXFileReference; lastKnownFileType = folder.assetcatalog; path = Assets.xcassets; sourceTree = "<group>"; };
		64418AA81EE9281B00128C48 /* Base */ = {isa = PBXFileReference; lastKnownFileType = file.storyboard; name = Base; path = Base.lproj/LaunchScreen.storyboard; sourceTree = "<group>"; };
		64418AAA1EE9281B00128C48 /* Info.plist */ = {isa = PBXFileReference; lastKnownFileType = text.plist.xml; path = Info.plist; sourceTree = "<group>"; };
		64418AB01EE9283F00128C48 /* YelpRequestRouter.swift */ = {isa = PBXFileReference; fileEncoding = 4; lastKnownFileType = sourcecode.swift; path = YelpRequestRouter.swift; sourceTree = "<group>"; };
		64418AB21EE92C3F00128C48 /* Alamofire.framework */ = {isa = PBXFileReference; lastKnownFileType = wrapper.framework; name = Alamofire.framework; path = Carthage/Build/iOS/Alamofire.framework; sourceTree = "<group>"; };
		64418AB31EE92C3F00128C48 /* SwiftyJSON.framework */ = {isa = PBXFileReference; lastKnownFileType = wrapper.framework; name = SwiftyJSON.framework; path = Carthage/Build/iOS/SwiftyJSON.framework; sourceTree = "<group>"; };
		64418AB91EE93D6B00128C48 /* Helpers.swift */ = {isa = PBXFileReference; fileEncoding = 4; lastKnownFileType = sourcecode.swift; path = Helpers.swift; sourceTree = "<group>"; };
		64418ABB1EE9513000128C48 /* Token.swift */ = {isa = PBXFileReference; fileEncoding = 4; lastKnownFileType = sourcecode.swift; path = Token.swift; sourceTree = "<group>"; };
		64418ABD1EE953D900128C48 /* UserStateMachine.swift */ = {isa = PBXFileReference; fileEncoding = 4; lastKnownFileType = sourcecode.swift; path = UserStateMachine.swift; sourceTree = "<group>"; };
		64EDD0641EEA7FC20006DA15 /* Alamofire.framework */ = {isa = PBXFileReference; lastKnownFileType = wrapper.framework; name = Alamofire.framework; path = Carthage/Build/iOS/Alamofire.framework; sourceTree = "<group>"; };
		64EDD0681EEA7FCC0006DA15 /* SwiftyJSON.framework */ = {isa = PBXFileReference; lastKnownFileType = wrapper.framework; name = SwiftyJSON.framework; path = Carthage/Build/iOS/SwiftyJSON.framework; sourceTree = "<group>"; };
		64EDD06C1EEA87790006DA15 /* GoogleMapViewModel.swift */ = {isa = PBXFileReference; fileEncoding = 4; lastKnownFileType = sourcecode.swift; path = GoogleMapViewModel.swift; sourceTree = "<group>"; };
		64EDD06E1EEA9A940006DA15 /* GoogleMapviewController + GoogleMapsDelegate.swift */ = {isa = PBXFileReference; fileEncoding = 4; lastKnownFileType = sourcecode.swift; path = "GoogleMapviewController + GoogleMapsDelegate.swift"; sourceTree = "<group>"; };
		64EDD0701EEABEC20006DA15 /* ChachedImageView.swift */ = {isa = PBXFileReference; fileEncoding = 4; lastKnownFileType = sourcecode.swift; path = ChachedImageView.swift; sourceTree = "<group>"; };
		64EDD0721EEAC53B0006DA15 /* MarkerView.swift */ = {isa = PBXFileReference; fileEncoding = 4; lastKnownFileType = sourcecode.swift; path = MarkerView.swift; sourceTree = "<group>"; };
		64EDD0741EEAC5760006DA15 /* VIew + Anchor.swift */ = {isa = PBXFileReference; fileEncoding = 4; lastKnownFileType = sourcecode.swift; path = "VIew + Anchor.swift"; sourceTree = "<group>"; };
		64EDD0761EEAD4A60006DA15 /* BusinessDetailViewController.swift */ = {isa = PBXFileReference; fileEncoding = 4; lastKnownFileType = sourcecode.swift; path = BusinessDetailViewController.swift; sourceTree = "<group>"; };
		64EDD0781EEAD4BD0006DA15 /* BusinessDetailViewController.storyboard */ = {isa = PBXFileReference; fileEncoding = 4; lastKnownFileType = file.storyboard; path = BusinessDetailViewController.storyboard; sourceTree = "<group>"; };
		64EDD07A1EEAD4F00006DA15 /* BusinessCollectionViewCell.swift */ = {isa = PBXFileReference; fileEncoding = 4; lastKnownFileType = sourcecode.swift; path = BusinessCollectionViewCell.swift; sourceTree = "<group>"; };
		64EDD07C1EEAD9280006DA15 /* DetailViewModel.swift */ = {isa = PBXFileReference; fileEncoding = 4; lastKnownFileType = sourcecode.swift; path = DetailViewModel.swift; sourceTree = "<group>"; };
		64EDD07E1EEAD9520006DA15 /* DetailViewDataSource.swift */ = {isa = PBXFileReference; fileEncoding = 4; lastKnownFileType = sourcecode.swift; path = DetailViewDataSource.swift; sourceTree = "<group>"; };
		64EDD0821EEFF7360006DA15 /* UIViewController + StoryboardInstance.swift */ = {isa = PBXFileReference; fileEncoding = 4; lastKnownFileType = sourcecode.swift; path = "UIViewController + StoryboardInstance.swift"; sourceTree = "<group>"; };
		64EDD0841EF0007D0006DA15 /* Review.swift */ = {isa = PBXFileReference; fileEncoding = 4; lastKnownFileType = sourcecode.swift; path = Review.swift; sourceTree = "<group>"; };
		64EDD0861EF0061D0006DA15 /* ReviewCollectionViewCell.swift */ = {isa = PBXFileReference; fileEncoding = 4; lastKnownFileType = sourcecode.swift; path = ReviewCollectionViewCell.swift; sourceTree = "<group>"; };
		64EDD0881EF0152D0006DA15 /* DetailInfoHeader.swift */ = {isa = PBXFileReference; fileEncoding = 4; lastKnownFileType = sourcecode.swift; path = DetailInfoHeader.swift; sourceTree = "<group>"; };
		A14FA9378E1C615199EA365D /* libPods-YelmGMap.a */ = {isa = PBXFileReference; explicitFileType = archive.ar; includeInIndex = 0; path = "libPods-YelmGMap.a"; sourceTree = BUILT_PRODUCTS_DIR; };
		A3B7B67B3A94C583755F70F7 /* Pods-YelmGMap.release.xcconfig */ = {isa = PBXFileReference; includeInIndex = 1; lastKnownFileType = text.xcconfig; name = "Pods-YelmGMap.release.xcconfig"; path = "Pods/Target Support Files/Pods-YelmGMap/Pods-YelmGMap.release.xcconfig"; sourceTree = "<group>"; };
/* End PBXFileReference section */

/* Begin PBXFrameworksBuildPhase section */
		64418A981EE9281B00128C48 /* Frameworks */ = {
			isa = PBXFrameworksBuildPhase;
			buildActionMask = 2147483647;
			files = (
				57D1A76A15EC8EAA7A5299FF /* libPods-YelmGMap.a in Frameworks */,
				64EDD0651EEA7FC20006DA15 /* Alamofire.framework in Frameworks */,
				64EDD0691EEA7FCC0006DA15 /* SwiftyJSON.framework in Frameworks */,
			);
			runOnlyForDeploymentPostprocessing = 0;
		};
/* End PBXFrameworksBuildPhase section */

/* Begin PBXGroup section */
		642BB4421EEA776100A9F842 /* Model */ = {
			isa = PBXGroup;
			children = (
				64418ABB1EE9513000128C48 /* Token.swift */,
				642BB43E1EE9899C00A9F842 /* Business.swift */,
				64418ABD1EE953D900128C48 /* UserStateMachine.swift */,
				64EDD07E1EEAD9520006DA15 /* DetailViewDataSource.swift */,
				64EDD0841EF0007D0006DA15 /* Review.swift */,
			);
			name = Model;
			sourceTree = "<group>";
		};
		642BB4431EEA776600A9F842 /* Controller */ = {
			isa = PBXGroup;
			children = (
				64418AA01EE9281B00128C48 /* GoogleMapViewController.swift */,
				64EDD06E1EEA9A940006DA15 /* GoogleMapviewController + GoogleMapsDelegate.swift */,
				64EDD0761EEAD4A60006DA15 /* BusinessDetailViewController.swift */,
				64EDD0821EEFF7360006DA15 /* UIViewController + StoryboardInstance.swift */,
			);
			name = Controller;
			sourceTree = "<group>";
		};
		642BB4441EEA776E00A9F842 /* View */ = {
			isa = PBXGroup;
			children = (
				64418AA71EE9281B00128C48 /* LaunchScreen.storyboard */,
				64EDD0781EEAD4BD0006DA15 /* BusinessDetailViewController.storyboard */,
				64EDD0701EEABEC20006DA15 /* ChachedImageView.swift */,
				64EDD0721EEAC53B0006DA15 /* MarkerView.swift */,
				64EDD0741EEAC5760006DA15 /* VIew + Anchor.swift */,
				64EDD07A1EEAD4F00006DA15 /* BusinessCollectionViewCell.swift */,
				64EDD0861EF0061D0006DA15 /* ReviewCollectionViewCell.swift */,
				64EDD0881EF0152D0006DA15 /* DetailInfoHeader.swift */,
			);
			name = View;
			sourceTree = "<group>";
		};
		642BB4451EEA777400A9F842 /* Other */ = {
			isa = PBXGroup;
			children = (
				64418A9E1EE9281B00128C48 /* AppDelegate.swift */,
				64418AB91EE93D6B00128C48 /* Helpers.swift */,
			);
			name = Other;
			sourceTree = "<group>";
		};
		642BB4461EEA778400A9F842 /* Networking */ = {
			isa = PBXGroup;
			children = (
				64418AB01EE9283F00128C48 /* YelpRequestRouter.swift */,
			);
			name = Networking;
			sourceTree = "<group>";
		};
		64418A921EE9281B00128C48 = {
			isa = PBXGroup;
			children = (
				64EDD0681EEA7FCC0006DA15 /* SwiftyJSON.framework */,
				64EDD0641EEA7FC20006DA15 /* Alamofire.framework */,
				64418AB21EE92C3F00128C48 /* Alamofire.framework */,
				64418AB31EE92C3F00128C48 /* SwiftyJSON.framework */,
				64418A9D1EE9281B00128C48 /* YelmGMap */,
				64418A9C1EE9281B00128C48 /* Products */,
				6A7B468708EF7F13D5DF3980 /* Pods */,
				78954C1F1306003A00EB5A2B /* Frameworks */,
			);
			sourceTree = "<group>";
		};
		64418A9C1EE9281B00128C48 /* Products */ = {
			isa = PBXGroup;
			children = (
				64418A9B1EE9281B00128C48 /* YelmGMap.app */,
			);
			name = Products;
			sourceTree = "<group>";
		};
		64418A9D1EE9281B00128C48 /* YelmGMap */ = {
			isa = PBXGroup;
			children = (
				642BB4461EEA778400A9F842 /* Networking */,
				64EDD06B1EEA87100006DA15 /* ViewModel */,
				642BB4451EEA777400A9F842 /* Other */,
				642BB4441EEA776E00A9F842 /* View */,
				642BB4431EEA776600A9F842 /* Controller */,
				642BB4421EEA776100A9F842 /* Model */,
				64418AAA1EE9281B00128C48 /* Info.plist */,
				64418AA51EE9281B00128C48 /* Assets.xcassets */,
			);
			path = YelmGMap;
			sourceTree = "<group>";
		};
		64EDD06B1EEA87100006DA15 /* ViewModel */ = {
			isa = PBXGroup;
			children = (
				64EDD06C1EEA87790006DA15 /* GoogleMapViewModel.swift */,
				64EDD07C1EEAD9280006DA15 /* DetailViewModel.swift */,
			);
			name = ViewModel;
			sourceTree = "<group>";
		};
		6A7B468708EF7F13D5DF3980 /* Pods */ = {
			isa = PBXGroup;
			children = (
				02F34951ABAA2590182AC836 /* Pods-YelmGMap.debug.xcconfig */,
				A3B7B67B3A94C583755F70F7 /* Pods-YelmGMap.release.xcconfig */,
			);
			name = Pods;
			sourceTree = "<group>";
		};
		78954C1F1306003A00EB5A2B /* Frameworks */ = {
			isa = PBXGroup;
			children = (
				A14FA9378E1C615199EA365D /* libPods-YelmGMap.a */,
			);
			name = Frameworks;
			sourceTree = "<group>";
		};
/* End PBXGroup section */

/* Begin PBXNativeTarget section */
		64418A9A1EE9281B00128C48 /* YelmGMap */ = {
			isa = PBXNativeTarget;
			buildConfigurationList = 64418AAD1EE9281B00128C48 /* Build configuration list for PBXNativeTarget "YelmGMap" */;
			buildPhases = (
				53E3E4F5A91AD1802DC35447 /* [CP] Check Pods Manifest.lock */,
				64418A971EE9281B00128C48 /* Sources */,
				64418A981EE9281B00128C48 /* Frameworks */,
				64418A991EE9281B00128C48 /* Resources */,
				586A446DBF1A0A91A2AC7FE1 /* [CP] Embed Pods Frameworks */,
				8F0F2DD51454EE689F5C2367 /* [CP] Copy Pods Resources */,
				64EDD0671EEA7FC20006DA15 /* Embed Frameworks */,
			);
			buildRules = (
			);
			dependencies = (
			);
			name = YelmGMap;
			productName = YelmGMap;
			productReference = 64418A9B1EE9281B00128C48 /* YelmGMap.app */;
			productType = "com.apple.product-type.application";
		};
/* End PBXNativeTarget section */

/* Begin PBXProject section */
		64418A931EE9281B00128C48 /* Project object */ = {
			isa = PBXProject;
			attributes = {
				LastSwiftUpdateCheck = 0830;
				LastUpgradeCheck = 0830;
				ORGANIZATIONNAME = "Manuel Aurora";
				TargetAttributes = {
					64418A9A1EE9281B00128C48 = {
						CreatedOnToolsVersion = 8.3.3;
						DevelopmentTeam = 2FNB386G38;
						ProvisioningStyle = Automatic;
					};
				};
			};
			buildConfigurationList = 64418A961EE9281B00128C48 /* Build configuration list for PBXProject "YelmGMap" */;
			compatibilityVersion = "Xcode 3.2";
			developmentRegion = English;
			hasScannedForEncodings = 0;
			knownRegions = (
				en,
				Base,
			);
			mainGroup = 64418A921EE9281B00128C48;
			productRefGroup = 64418A9C1EE9281B00128C48 /* Products */;
			projectDirPath = "";
			projectRoot = "";
			targets = (
				64418A9A1EE9281B00128C48 /* YelmGMap */,
			);
		};
/* End PBXProject section */

/* Begin PBXResourcesBuildPhase section */
		64418A991EE9281B00128C48 /* Resources */ = {
			isa = PBXResourcesBuildPhase;
			buildActionMask = 2147483647;
			files = (
				64418AA91EE9281B00128C48 /* LaunchScreen.storyboard in Resources */,
				64418AA61EE9281B00128C48 /* Assets.xcassets in Resources */,
				64EDD0791EEAD4BD0006DA15 /* BusinessDetailViewController.storyboard in Resources */,
			);
			runOnlyForDeploymentPostprocessing = 0;
		};
/* End PBXResourcesBuildPhase section */

/* Begin PBXShellScriptBuildPhase section */
		53E3E4F5A91AD1802DC35447 /* [CP] Check Pods Manifest.lock */ = {
			isa = PBXShellScriptBuildPhase;
			buildActionMask = 2147483647;
			files = (
			);
			inputPaths = (
			);
			name = "[CP] Check Pods Manifest.lock";
			outputPaths = (
			);
			runOnlyForDeploymentPostprocessing = 0;
			shellPath = /bin/sh;
			shellScript = "diff \"${PODS_PODFILE_DIR_PATH}/Podfile.lock\" \"${PODS_ROOT}/Manifest.lock\" > /dev/null\nif [ $? != 0 ] ; then\n    # print error to STDERR\n    echo \"error: The sandbox is not in sync with the Podfile.lock. Run 'pod install' or update your CocoaPods installation.\" >&2\n    exit 1\nfi\n";
			showEnvVarsInLog = 0;
		};
		586A446DBF1A0A91A2AC7FE1 /* [CP] Embed Pods Frameworks */ = {
			isa = PBXShellScriptBuildPhase;
			buildActionMask = 2147483647;
			files = (
			);
			inputPaths = (
			);
			name = "[CP] Embed Pods Frameworks";
			outputPaths = (
			);
			runOnlyForDeploymentPostprocessing = 0;
			shellPath = /bin/sh;
			shellScript = "\"${SRCROOT}/Pods/Target Support Files/Pods-YelmGMap/Pods-YelmGMap-frameworks.sh\"\n";
			showEnvVarsInLog = 0;
		};
		8F0F2DD51454EE689F5C2367 /* [CP] Copy Pods Resources */ = {
			isa = PBXShellScriptBuildPhase;
			buildActionMask = 2147483647;
			files = (
			);
			inputPaths = (
			);
			name = "[CP] Copy Pods Resources";
			outputPaths = (
			);
			runOnlyForDeploymentPostprocessing = 0;
			shellPath = /bin/sh;
			shellScript = "\"${SRCROOT}/Pods/Target Support Files/Pods-YelmGMap/Pods-YelmGMap-resources.sh\"\n";
			showEnvVarsInLog = 0;
		};
/* End PBXShellScriptBuildPhase section */

/* Begin PBXSourcesBuildPhase section */
		64418A971EE9281B00128C48 /* Sources */ = {
			isa = PBXSourcesBuildPhase;
			buildActionMask = 2147483647;
			files = (
				64418ABE1EE953D900128C48 /* UserStateMachine.swift in Sources */,
				64EDD0771EEAD4A60006DA15 /* BusinessDetailViewController.swift in Sources */,
				64EDD06F1EEA9A940006DA15 /* GoogleMapviewController + GoogleMapsDelegate.swift in Sources */,
				642BB43F1EE9899C00A9F842 /* Business.swift in Sources */,
				64EDD0871EF0061D0006DA15 /* ReviewCollectionViewCell.swift in Sources */,
				64EDD0891EF0152D0006DA15 /* DetailInfoHeader.swift in Sources */,
				64EDD06D1EEA87790006DA15 /* GoogleMapViewModel.swift in Sources */,
				64EDD07F1EEAD9520006DA15 /* DetailViewDataSource.swift in Sources */,
				64418AB11EE9283F00128C48 /* YelpRequestRouter.swift in Sources */,
				64418ABC1EE9513000128C48 /* Token.swift in Sources */,
				64EDD0731EEAC53B0006DA15 /* MarkerView.swift in Sources */,
				64418AA11EE9281B00128C48 /* GoogleMapViewController.swift in Sources */,
				64EDD0711EEABEC20006DA15 /* ChachedImageView.swift in Sources */,
				64EDD0851EF0007D0006DA15 /* Review.swift in Sources */,
				64418A9F1EE9281B00128C48 /* AppDelegate.swift in Sources */,
				64418ABA1EE93D6B00128C48 /* Helpers.swift in Sources */,
				64EDD07B1EEAD4F00006DA15 /* BusinessCollectionViewCell.swift in Sources */,
				64EDD0831EEFF7360006DA15 /* UIViewController + StoryboardInstance.swift in Sources */,
				64EDD07D1EEAD9280006DA15 /* DetailViewModel.swift in Sources */,
				64EDD0751EEAC5760006DA15 /* VIew + Anchor.swift in Sources */,
			);
			runOnlyForDeploymentPostprocessing = 0;
		};
/* End PBXSourcesBuildPhase section */

/* Begin PBXVariantGroup section */
		64418AA71EE9281B00128C48 /* LaunchScreen.storyboard */ = {
			isa = PBXVariantGroup;
			children = (
				64418AA81EE9281B00128C48 /* Base */,
			);
			name = LaunchScreen.storyboard;
			sourceTree = "<group>";
		};
/* End PBXVariantGroup section */

/* Begin XCBuildConfiguration section */
		64418AAB1EE9281B00128C48 /* Debug */ = {
			isa = XCBuildConfiguration;
			buildSettings = {
				ALWAYS_SEARCH_USER_PATHS = NO;
				CLANG_ANALYZER_NONNULL = YES;
				CLANG_ANALYZER_NUMBER_OBJECT_CONVERSION = YES_AGGRESSIVE;
				CLANG_CXX_LANGUAGE_STANDARD = "gnu++0x";
				CLANG_CXX_LIBRARY = "libc++";
				CLANG_ENABLE_MODULES = YES;
				CLANG_ENABLE_OBJC_ARC = YES;
				CLANG_WARN_BOOL_CONVERSION = YES;
				CLANG_WARN_CONSTANT_CONVERSION = YES;
				CLANG_WARN_DIRECT_OBJC_ISA_USAGE = YES_ERROR;
				CLANG_WARN_DOCUMENTATION_COMMENTS = YES;
				CLANG_WARN_EMPTY_BODY = YES;
				CLANG_WARN_ENUM_CONVERSION = YES;
				CLANG_WARN_INFINITE_RECURSION = YES;
				CLANG_WARN_INT_CONVERSION = YES;
				CLANG_WARN_OBJC_ROOT_CLASS = YES_ERROR;
				CLANG_WARN_SUSPICIOUS_MOVE = YES;
				CLANG_WARN_UNREACHABLE_CODE = YES;
				CLANG_WARN__DUPLICATE_METHOD_MATCH = YES;
				"CODE_SIGN_IDENTITY[sdk=iphoneos*]" = "iPhone Developer";
				COPY_PHASE_STRIP = NO;
				DEBUG_INFORMATION_FORMAT = dwarf;
				ENABLE_STRICT_OBJC_MSGSEND = YES;
				ENABLE_TESTABILITY = YES;
				GCC_C_LANGUAGE_STANDARD = gnu99;
				GCC_DYNAMIC_NO_PIC = NO;
				GCC_NO_COMMON_BLOCKS = YES;
				GCC_OPTIMIZATION_LEVEL = 0;
				GCC_PREPROCESSOR_DEFINITIONS = (
					"DEBUG=1",
					"$(inherited)",
				);
				GCC_WARN_64_TO_32_BIT_CONVERSION = YES;
				GCC_WARN_ABOUT_RETURN_TYPE = YES_ERROR;
				GCC_WARN_UNDECLARED_SELECTOR = YES;
				GCC_WARN_UNINITIALIZED_AUTOS = YES_AGGRESSIVE;
				GCC_WARN_UNUSED_FUNCTION = YES;
				GCC_WARN_UNUSED_VARIABLE = YES;
				IPHONEOS_DEPLOYMENT_TARGET = 10.3;
				MTL_ENABLE_DEBUG_INFO = YES;
				ONLY_ACTIVE_ARCH = YES;
				SDKROOT = iphoneos;
				SWIFT_ACTIVE_COMPILATION_CONDITIONS = DEBUG;
				SWIFT_OPTIMIZATION_LEVEL = "-Onone";
			};
			name = Debug;
		};
		64418AAC1EE9281B00128C48 /* Release */ = {
			isa = XCBuildConfiguration;
			buildSettings = {
				ALWAYS_SEARCH_USER_PATHS = NO;
				CLANG_ANALYZER_NONNULL = YES;
				CLANG_ANALYZER_NUMBER_OBJECT_CONVERSION = YES_AGGRESSIVE;
				CLANG_CXX_LANGUAGE_STANDARD = "gnu++0x";
				CLANG_CXX_LIBRARY = "libc++";
				CLANG_ENABLE_MODULES = YES;
				CLANG_ENABLE_OBJC_ARC = YES;
				CLANG_WARN_BOOL_CONVERSION = YES;
				CLANG_WARN_CONSTANT_CONVERSION = YES;
				CLANG_WARN_DIRECT_OBJC_ISA_USAGE = YES_ERROR;
				CLANG_WARN_DOCUMENTATION_COMMENTS = YES;
				CLANG_WARN_EMPTY_BODY = YES;
				CLANG_WARN_ENUM_CONVERSION = YES;
				CLANG_WARN_INFINITE_RECURSION = YES;
				CLANG_WARN_INT_CONVERSION = YES;
				CLANG_WARN_OBJC_ROOT_CLASS = YES_ERROR;
				CLANG_WARN_SUSPICIOUS_MOVE = YES;
				CLANG_WARN_UNREACHABLE_CODE = YES;
				CLANG_WARN__DUPLICATE_METHOD_MATCH = YES;
				"CODE_SIGN_IDENTITY[sdk=iphoneos*]" = "iPhone Developer";
				COPY_PHASE_STRIP = NO;
				DEBUG_INFORMATION_FORMAT = "dwarf-with-dsym";
				ENABLE_NS_ASSERTIONS = NO;
				ENABLE_STRICT_OBJC_MSGSEND = YES;
				GCC_C_LANGUAGE_STANDARD = gnu99;
				GCC_NO_COMMON_BLOCKS = YES;
				GCC_WARN_64_TO_32_BIT_CONVERSION = YES;
				GCC_WARN_ABOUT_RETURN_TYPE = YES_ERROR;
				GCC_WARN_UNDECLARED_SELECTOR = YES;
				GCC_WARN_UNINITIALIZED_AUTOS = YES_AGGRESSIVE;
				GCC_WARN_UNUSED_FUNCTION = YES;
				GCC_WARN_UNUSED_VARIABLE = YES;
				IPHONEOS_DEPLOYMENT_TARGET = 10.3;
				MTL_ENABLE_DEBUG_INFO = NO;
				SDKROOT = iphoneos;
				SWIFT_OPTIMIZATION_LEVEL = "-Owholemodule";
				VALIDATE_PRODUCT = YES;
			};
			name = Release;
		};
		64418AAE1EE9281B00128C48 /* Debug */ = {
			isa = XCBuildConfiguration;
			baseConfigurationReference = 02F34951ABAA2590182AC836 /* Pods-YelmGMap.debug.xcconfig */;
			buildSettings = {
				ASSETCATALOG_COMPILER_APPICON_NAME = AppIcon;
				DEVELOPMENT_TEAM = 2FNB386G38;
				FRAMEWORK_SEARCH_PATHS = (
					"$(inherited)",
					"$(PROJECT_DIR)/Carthage/Build/iOS",
				);
				INFOPLIST_FILE = YelmGMap/Info.plist;
				LD_RUNPATH_SEARCH_PATHS = "$(inherited) @executable_path/Frameworks";
				PRODUCT_BUNDLE_IDENTIFIER = Smi.YelmGMap;
				PRODUCT_NAME = "$(TARGET_NAME)";
				SWIFT_VERSION = 3.0;
			};
			name = Debug;
		};
		64418AAF1EE9281B00128C48 /* Release */ = {
			isa = XCBuildConfiguration;
			baseConfigurationReference = A3B7B67B3A94C583755F70F7 /* Pods-YelmGMap.release.xcconfig */;
			buildSettings = {
				ASSETCATALOG_COMPILER_APPICON_NAME = AppIcon;
				DEVELOPMENT_TEAM = 2FNB386G38;
				FRAMEWORK_SEARCH_PATHS = (
					"$(inherited)",
					"$(PROJECT_DIR)/Carthage/Build/iOS",
				);
				INFOPLIST_FILE = YelmGMap/Info.plist;
				LD_RUNPATH_SEARCH_PATHS = "$(inherited) @executable_path/Frameworks";
				PRODUCT_BUNDLE_IDENTIFIER = Smi.YelmGMap;
				PRODUCT_NAME = "$(TARGET_NAME)";
				SWIFT_VERSION = 3.0;
			};
			name = Release;
		};
/* End XCBuildConfiguration section */

/* Begin XCConfigurationList section */
		64418A961EE9281B00128C48 /* Build configuration list for PBXProject "YelmGMap" */ = {
			isa = XCConfigurationList;
			buildConfigurations = (
				64418AAB1EE9281B00128C48 /* Debug */,
				64418AAC1EE9281B00128C48 /* Release */,
			);
			defaultConfigurationIsVisible = 0;
			defaultConfigurationName = Release;
		};
		64418AAD1EE9281B00128C48 /* Build configuration list for PBXNativeTarget "YelmGMap" */ = {
			isa = XCConfigurationList;
			buildConfigurations = (
				64418AAE1EE9281B00128C48 /* Debug */,
				64418AAF1EE9281B00128C48 /* Release */,
			);
			defaultConfigurationIsVisible = 0;
			defaultConfigurationName = Release;
		};
/* End XCConfigurationList section */
	};
	rootObject = 64418A931EE9281B00128C48 /* Project object */;
}
